PODS:
  - Colours (5.13.0):
    - Colours/ObjC (= 5.13.0)
  - Colours/ObjC (5.13.0)
  - PopoverView (0.2.0):
    - Colours

DEPENDENCIES:
  - PopoverView (from `../`)

EXTERNAL SOURCES:
  PopoverView:
    :path: "../"

SPEC CHECKSUMS:
  Colours: f24220c38f13deac88612667e9b4a7fb96b871d4
  PopoverView: d487c38dacf600b877c22571a58ed7183d81ac8d

PODFILE CHECKSUM: 2aa9030403a6286566f016cf75ba69a692e50f14

COCOAPODS: 1.2.1
